
Microsoft Visual Studio Solution File, Format Version 12.00
# Visual Studio 15
VisualStudioVersion = 15.0.27130.2027
MinimumVisualStudioVersion = 10.0.40219.1
Project("{FAE04EC0-301F-11D3-BF4B-00C04F79EFBC}") = "Vidly", "Vidly\Vidly.csproj", "{A3AF4537-5A48-4299-B6B7-36AD85A66A2E}"
EndProject
Global
	GlobalSection(SolutionConfigurationPlatforms) = preSolution
		Debug|Any CPU = Debug|Any CPU
		Release|Any CPU = Release|Any CPU
	EndGlobalSection
	GlobalSection(ProjectConfigurationPlatforms) = postSolution
		{A3AF4537-5A48-4299-B6B7-36AD85A66A2E}.Debug|Any CPU.ActiveCfg = Debug|Any CPU
		{A3AF4537-5A48-4299-B6B7-36AD85A66A2E}.Debug|Any CPU.Build.0 = Debug|Any CPU
		{A3AF4537-5A48-4299-B6B7-36AD85A66A2E}.Release|Any CPU.ActiveCfg = Release|Any CPU
		{A3AF4537-5A48-4299-B6B7-36AD85A66A2E}.Release|Any CPU.Build.0 = Release|Any CPU
	EndGlobalSection
	GlobalSection(SolutionProperties) = preSolution
		HideSolutionNode = FALSE
	EndGlobalSection
	GlobalSection(ExtensibilityGlobals) = postSolution
		SolutionGuid = {84EE5DAF-74EB-4349-9A60-C2ABD893233B}
	EndGlobalSection
EndGlobal
